
Microsoft Visual Studio Solution File, Format Version 12.00
# Visual Studio 15
VisualStudioVersion = 15.0.27428.2037
MinimumVisualStudioVersion = 10.0.40219.1
Project("{FAE04EC0-301F-11D3-BF4B-00C04F79EFBC}") = "PalandromeCodeChallenge", "PalandromeCodeChallenge.csproj", "{4772CC98-C598-45EC-99CC-D05E466FF560}"
EndProject
Project("{FAE04EC0-301F-11D3-BF4B-00C04F79EFBC}") = "Palandrome.TEST", "..\Palandrome.TEST\Palandrome.TEST.csproj", "{822B1AF0-F3D9-44EF-9A04-4DB9F99331E7}"
EndProject
Global
	GlobalSection(SolutionConfigurationPlatforms) = preSolution
		Debug|Any CPU = Debug|Any CPU
		Release|Any CPU = Release|Any CPU
	EndGlobalSection
	GlobalSection(ProjectConfigurationPlatforms) = postSolution
		{4772CC98-C598-45EC-99CC-D05E466FF560}.Debug|Any CPU.ActiveCfg = Debug|Any CPU
		{4772CC98-C598-45EC-99CC-D05E466FF560}.Debug|Any CPU.Build.0 = Debug|Any CPU
		{4772CC98-C598-45EC-99CC-D05E466FF560}.Release|Any CPU.ActiveCfg = Release|Any CPU
		{4772CC98-C598-45EC-99CC-D05E466FF560}.Release|Any CPU.Build.0 = Release|Any CPU
		{822B1AF0-F3D9-44EF-9A04-4DB9F99331E7}.Debug|Any CPU.ActiveCfg = Debug|Any CPU
		{822B1AF0-F3D9-44EF-9A04-4DB9F99331E7}.Debug|Any CPU.Build.0 = Debug|Any CPU
		{822B1AF0-F3D9-44EF-9A04-4DB9F99331E7}.Release|Any CPU.ActiveCfg = Release|Any CPU
		{822B1AF0-F3D9-44EF-9A04-4DB9F99331E7}.Release|Any CPU.Build.0 = Release|Any CPU
	EndGlobalSection
	GlobalSection(SolutionProperties) = preSolution
		HideSolutionNode = FALSE
	EndGlobalSection
	GlobalSection(ExtensibilityGlobals) = postSolution
		SolutionGuid = {2B9E24EB-7B14-4F95-9437-1527FF0B9AA5}
	EndGlobalSection
EndGlobal
